<?xml version="1.0" encoding="utf-8"?>
<Project ToolsVersion="4.0" xmlns="http://schemas.microsoft.com/developer/msbuild/2003">
  <ItemGroup>
    <Filter Include="Исходные файлы">
      <UniqueIdentifier>{4FC737F1-C7A5-4376-A066-2A32D752A2FF}</UniqueIdentifier>
      <Extensions>cpp;c;cc;cxx;c++;cppm;ixx;def;odl;idl;hpj;bat;asm;asmx</Extensions>
    </Filter>
    <Filter Include="Файлы заголовков">
      <UniqueIdentifier>{93995380-89BD-4b04-88EB-625FBE52EBFB}</UniqueIdentifier>
      <Extensions>h;hh;hpp;hxx;h++;hm;inl;inc;ipp;xsd</Extensions>
    </Filter>
    <Filter Include="Файлы ресурсов">
      <UniqueIdentifier>{67DA6AB6-F800-4c08-8B7A-83BB121AAD01}</UniqueIdentifier>
      <Extensions>rc;ico;cur;bmp;dlg;rc2;rct;bin;rgs;gif;jpg;jpeg;jpe;resx;tiff;tif;png;wav;mfcribbon-ms</Extensions>
    </Filter>
    <Filter Include="Файлы заголовков\Common">
      <UniqueIdentifier>{c847a531-b8b6-4377-bf56-ed65f6d34d5d}</UniqueIdentifier>
    </Filter>
    <Filter Include="Исходные файлы\Common">
      <UniqueIdentifier>{9b1ca0e5-50d5-4628-aa51-172495c6a3ff}</UniqueIdentifier>
    </Filter>
    <Filter Include="Lua">
      <UniqueIdentifier>{aa6baf46-d92f-437a-9afa-d6bdcf1ccd6f}</UniqueIdentifier>
    </Filter>
  </ItemGroup>
  <ItemGroup>
    <ClCompile Include="MCG_Server.cpp">
      <Filter>Исходные файлы</Filter>
    </ClCompile>
    <ClCompile Include="ServerLua.cpp">
      <Filter>Исходные файлы</Filter>
    </ClCompile>
    <ClCompile Include="..\Common\ColorParser.cpp">
      <Filter>Исходные файлы\Common</Filter>
    </ClCompile>
    <ClCompile Include="..\Common\ConsoleHelper.cpp">
      <Filter>Исходные файлы\Common</Filter>
    </ClCompile>
    <ClCompile Include="..\Common\Utils.cpp">
      <Filter>Исходные файлы\Common</Filter>
    </ClCompile>
    <ClCompile Include="..\Lua\src\lapi.c">
      <Filter>Lua</Filter>
    </ClCompile>
    <ClCompile Include="..\Lua\src\lauxlib.c">
      <Filter>Lua</Filter>
    </ClCompile>
    <ClCompile Include="..\Lua\src\lbaselib.c">
      <Filter>Lua</Filter>
    </ClCompile>
    <ClCompile Include="..\Lua\src\lcode.c">
      <Filter>Lua</Filter>
    </ClCompile>
    <ClCompile Include="..\Lua\src\lcorolib.c">
      <Filter>Lua</Filter>
    </ClCompile>
    <ClCompile Include="..\Lua\src\lctype.c">
      <Filter>Lua</Filter>
    </ClCompile>
    <ClCompile Include="..\Lua\src\ldblib.c">
      <Filter>Lua</Filter>
    </ClCompile>
    <ClCompile Include="..\Lua\src\ldebug.c">
      <Filter>Lua</Filter>
    </ClCompile>
    <ClCompile Include="..\Lua\src\ldo.c">
      <Filter>Lua</Filter>
    </ClCompile>
    <ClCompile Include="..\Lua\src\ldump.c">
      <Filter>Lua</Filter>
    </ClCompile>
    <ClCompile Include="..\Lua\src\lfunc.c">
      <Filter>Lua</Filter>
    </ClCompile>
    <ClCompile Include="..\Lua\src\lgc.c">
      <Filter>Lua</Filter>
    </ClCompile>
    <ClCompile Include="..\Lua\src\linit.c">
      <Filter>Lua</Filter>
    </ClCompile>
    <ClCompile Include="..\Lua\src\liolib.c">
      <Filter>Lua</Filter>
    </ClCompile>
    <ClCompile Include="..\Lua\src\llex.c">
      <Filter>Lua</Filter>
    </ClCompile>
    <ClCompile Include="..\Lua\src\lmathlib.c">
      <Filter>Lua</Filter>
    </ClCompile>
    <ClCompile Include="..\Lua\src\lmem.c">
      <Filter>Lua</Filter>
    </ClCompile>
    <ClCompile Include="..\Lua\src\loadlib.c">
      <Filter>Lua</Filter>
    </ClCompile>
    <ClCompile Include="..\Lua\src\lobject.c">
      <Filter>Lua</Filter>
    </ClCompile>
    <ClCompile Include="..\Lua\src\lopcodes.c">
      <Filter>Lua</Filter>
    </ClCompile>
    <ClCompile Include="..\Lua\src\loslib.c">
      <Filter>Lua</Filter>
    </ClCompile>
    <ClCompile Include="..\Lua\src\lparser.c">
      <Filter>Lua</Filter>
    </ClCompile>
    <ClCompile Include="..\Lua\src\lstate.c">
      <Filter>Lua</Filter>
    </ClCompile>
    <ClCompile Include="..\Lua\src\lstring.c">
      <Filter>Lua</Filter>
    </ClCompile>
    <ClCompile Include="..\Lua\src\lstrlib.c">
      <Filter>Lua</Filter>
    </ClCompile>
    <ClCompile Include="..\Lua\src\ltable.c">
      <Filter>Lua</Filter>
    </ClCompile>
    <ClCompile Include="..\Lua\src\ltablib.c">
      <Filter>Lua</Filter>
    </ClCompile>
    <ClCompile Include="..\Lua\src\ltm.c">
      <Filter>Lua</Filter>
    </ClCompile>
    <ClCompile Include="..\Lua\src\lundump.c">
      <Filter>Lua</Filter>
    </ClCompile>
    <ClCompile Include="..\Lua\src\lutf8lib.c">
      <Filter>Lua</Filter>
    </ClCompile>
    <ClCompile Include="..\Lua\src\lvm.c">
      <Filter>Lua</Filter>
    </ClCompile>
    <ClCompile Include="..\Lua\src\lzio.c">
      <Filter>Lua</Filter>
    </ClCompile>
    <ClCompile Include="ServerMap.cpp">
      <Filter>Исходные файлы</Filter>
    </ClCompile>
    <ClCompile Include="ServerGame.cpp">
      <Filter>Исходные файлы</Filter>
    </ClCompile>
    <ClCompile Include="ServerNetwork.cpp">
      <Filter>Исходные файлы</Filter>
    </ClCompile>
    <ClCompile Include="ServerCommands.cpp">
      <Filter>Исходные файлы</Filter>
    </ClCompile>
  </ItemGroup>
  <ItemGroup>
    <ClInclude Include="ServerLua.h">
      <Filter>Файлы заголовков</Filter>
    </ClInclude>
    <ClInclude Include="ServerShared.h">
      <Filter>Файлы заголовков</Filter>
    </ClInclude>
    <ClInclude Include="..\Common\ColorParser.h">
      <Filter>Файлы заголовков\Common</Filter>
    </ClInclude>
    <ClInclude Include="..\Common\ConsoleHelper.h">
      <Filter>Файлы заголовков\Common</Filter>
    </ClInclude>
    <ClInclude Include="..\Common\Utils.h">
      <Filter>Файлы заголовков\Common</Filter>
    </ClInclude>
    <ClInclude Include="ServerMap.h">
      <Filter>Файлы заголовков</Filter>
    </ClInclude>
    <ClInclude Include="ServerGame.h">
      <Filter>Файлы заголовков</Filter>
    </ClInclude>
    <ClInclude Include="ServerNetwork.h">
      <Filter>Файлы заголовков</Filter>
    </ClInclude>
    <ClInclude Include="ServerCommands.h">
      <Filter>Файлы заголовков</Filter>
    </ClInclude>
  </ItemGroup>
</Project>